
Microsoft Visual Studio Solution File, Format Version 12.00
# Visual Studio Version 17
VisualStudioVersion = 17.7.34031.279
MinimumVisualStudioVersion = 10.0.40219.1
Project("{FAE04EC0-301F-11D3-BF4B-00C04F79EFBC}") = "Szarada", "Szarada\Szarada.csproj", "{8F328C4A-A9B1-4E2E-B208-871CF0A96C7E}"
EndProject
Global
	GlobalSection(SolutionConfigurationPlatforms) = preSolution
		Debug|Any CPU = Debug|Any CPU
		Release|Any CPU = Release|Any CPU
	EndGlobalSection
	GlobalSection(ProjectConfigurationPlatforms) = postSolution
		{8F328C4A-A9B1-4E2E-B208-871CF0A96C7E}.Debug|Any CPU.ActiveCfg = Debug|Any CPU
		{8F328C4A-A9B1-4E2E-B208-871CF0A96C7E}.Debug|Any CPU.Build.0 = Debug|Any CPU
		{8F328C4A-A9B1-4E2E-B208-871CF0A96C7E}.Release|Any CPU.ActiveCfg = Release|Any CPU
		{8F328C4A-A9B1-4E2E-B208-871CF0A96C7E}.Release|Any CPU.Build.0 = Release|Any CPU
	EndGlobalSection
	GlobalSection(SolutionProperties) = preSolution
		HideSolutionNode = FALSE
	EndGlobalSection
	GlobalSection(ExtensibilityGlobals) = postSolution
		SolutionGuid = {8853EB8A-B3ED-4B97-AB89-55F40B69E18B}
	EndGlobalSection
EndGlobal
